
Microsoft Visual Studio Solution File, Format Version 12.00
# Visual Studio Version 16
VisualStudioVersion = 16.0.34407.143
MinimumVisualStudioVersion = 10.0.40219.1
Project("{8BC9CEB8-8B4A-11D0-8D11-00A0C91BC942}") = "CppOpenCV", "CppOpenCV\CppOpenCV.vcxproj", "{B24D72AC-FD4B-47D5-BAC1-0BE8256F00B8}"
EndProject
Project("{FAE04EC0-301F-11D3-BF4B-00C04F79EFBC}") = "OpencvUI", "OpencvUI\OpencvUI\OpencvUI.csproj", "{E0F97259-C67F-4D57-B609-9B681DA42904}"
	ProjectSection(ProjectDependencies) = postProject
		{B24D72AC-FD4B-47D5-BAC1-0BE8256F00B8} = {B24D72AC-FD4B-47D5-BAC1-0BE8256F00B8}
	EndProjectSection
EndProject
Global
	GlobalSection(SolutionConfigurationPlatforms) = preSolution
		Debug|Any CPU = Debug|Any CPU
		Debug|x64 = Debug|x64
		Debug|x86 = Debug|x86
		Release|Any CPU = Release|Any CPU
		Release|x64 = Release|x64
		Release|x86 = Release|x86
	EndGlobalSection
	GlobalSection(ProjectConfigurationPlatforms) = postSolution
		{B24D72AC-FD4B-47D5-BAC1-0BE8256F00B8}.Debug|Any CPU.ActiveCfg = Debug|Win32
		{B24D72AC-FD4B-47D5-BAC1-0BE8256F00B8}.Debug|x64.ActiveCfg = Debug|x64
		{B24D72AC-FD4B-47D5-BAC1-0BE8256F00B8}.Debug|x64.Build.0 = Debug|x64
		{B24D72AC-FD4B-47D5-BAC1-0BE8256F00B8}.Debug|x86.ActiveCfg = Debug|Win32
		{B24D72AC-FD4B-47D5-BAC1-0BE8256F00B8}.Debug|x86.Build.0 = Debug|Win32
		{B24D72AC-FD4B-47D5-BAC1-0BE8256F00B8}.Release|Any CPU.ActiveCfg = Release|Win32
		{B24D72AC-FD4B-47D5-BAC1-0BE8256F00B8}.Release|x64.ActiveCfg = Release|x64
		{B24D72AC-FD4B-47D5-BAC1-0BE8256F00B8}.Release|x64.Build.0 = Release|x64
		{B24D72AC-FD4B-47D5-BAC1-0BE8256F00B8}.Release|x86.ActiveCfg = Release|Win32
		{B24D72AC-FD4B-47D5-BAC1-0BE8256F00B8}.Release|x86.Build.0 = Release|Win32
		{E0F97259-C67F-4D57-B609-9B681DA42904}.Debug|Any CPU.ActiveCfg = Debug|Any CPU
		{E0F97259-C67F-4D57-B609-9B681DA42904}.Debug|Any CPU.Build.0 = Debug|Any CPU
		{E0F97259-C67F-4D57-B609-9B681DA42904}.Debug|x64.ActiveCfg = Debug|Any CPU
		{E0F97259-C67F-4D57-B609-9B681DA42904}.Debug|x64.Build.0 = Debug|Any CPU
		{E0F97259-C67F-4D57-B609-9B681DA42904}.Debug|x86.ActiveCfg = Debug|Any CPU
		{E0F97259-C67F-4D57-B609-9B681DA42904}.Debug|x86.Build.0 = Debug|Any CPU
		{E0F97259-C67F-4D57-B609-9B681DA42904}.Release|Any CPU.ActiveCfg = Release|Any CPU
		{E0F97259-C67F-4D57-B609-9B681DA42904}.Release|Any CPU.Build.0 = Release|Any CPU
		{E0F97259-C67F-4D57-B609-9B681DA42904}.Release|x64.ActiveCfg = Release|Any CPU
		{E0F97259-C67F-4D57-B609-9B681DA42904}.Release|x64.Build.0 = Release|Any CPU
		{E0F97259-C67F-4D57-B609-9B681DA42904}.Release|x86.ActiveCfg = Release|Any CPU
		{E0F97259-C67F-4D57-B609-9B681DA42904}.Release|x86.Build.0 = Release|Any CPU
	EndGlobalSection
	GlobalSection(SolutionProperties) = preSolution
		HideSolutionNode = FALSE
	EndGlobalSection
	GlobalSection(ExtensibilityGlobals) = postSolution
		SolutionGuid = {266C55F5-4B25-4EA5-A0BA-D35F21C278AB}
	EndGlobalSection
EndGlobal
